// !$*UTF8*$!
{
	archiveVersion = 1;
	classes = {
	};
	objectVersion = 77;
	objects = {

/* Begin PBXBuildFile section */
		020C3A54C6C677677A59CFE3 /* PhoneSharedStore.swift in Sources */ = {isa = PBXBuildFile; fileRef = 1F2787F38AE405DAEF50D673 /* PhoneSharedStore.swift */; };
		17A3D909DAEA3EC7A4B2455C /* Assets.xcassets in Resources */ = {isa = PBXBuildFile; fileRef = B3318ACB2990FBC3B3771486 /* Assets.xcassets */; };
		1DC1BD8C7677C816AD978C8F /* TodayScreenUITests.swift in Sources */ = {isa = PBXBuildFile; fileRef = 0BB8EA1BE55351A5ADA6FF79 /* TodayScreenUITests.swift */; };
		276AEE6B3AD81C56666A02A9 /* DailyChallengeApp.swift in Sources */ = {isa = PBXBuildFile; fileRef = 0211C155DA07084E38D22D16 /* DailyChallengeApp.swift */; };
		2FF488A62E7C1B53DC7C546E /* WidgetTimeline.swift in Sources */ = {isa = PBXBuildFile; fileRef = 7294939D231DA52CC101476D /* WidgetTimeline.swift */; };
		3A39D28CBF7C193D408456E2 /* CompletionEffect.swift in Sources */ = {isa = PBXBuildFile; fileRef = 07750909352F2CCF3386CA44 /* CompletionEffect.swift */; };
		3F1C7DE0E001EB84EEE03B2D /* ChallengeCore in Frameworks */ = {isa = PBXBuildFile; productRef = BCACA4963E18CCE1FA2A5117 /* ChallengeCore */; };
		4391B351A9204284A3D51487 /* Theme.swift in Sources */ = {isa = PBXBuildFile; fileRef = 52CECB8A3AA40F95A0D695BE /* Theme.swift */; };
		4AF0B52C6CCCF495D8FAA03A /* ChallengeSyncKit in Frameworks */ = {isa = PBXBuildFile; productRef = 67F64E27E1EC7C0FFADBAB70 /* ChallengeSyncKit */; };
		4C7AC9C474D096C27ABB6602 /* AccountScreen.swift in Sources */ = {isa = PBXBuildFile; fileRef = D769357A25FF9D76119BD2B2 /* AccountScreen.swift */; };
		4E5B42B9BDBC0C9FE39D790C /* PhoneExtrasTests.swift in Sources */ = {isa = PBXBuildFile; fileRef = 398EDE8CD614D9196592714B /* PhoneExtrasTests.swift */; };
		58F3A2FBEC7A81137375B980 /* SetupScreen.swift in Sources */ = {isa = PBXBuildFile; fileRef = 557F2F1170B82026D783FA04 /* SetupScreen.swift */; };
		5C8D1E04177C60491C720B0F /* WaterJugView.swift in Sources */ = {isa = PBXBuildFile; fileRef = 3D9C5E2DCB79B7F2DE87BE6B /* WaterJugView.swift */; };
		5FC85B1D9751F186B04424BC /* PhoneSyncTests.swift in Sources */ = {isa = PBXBuildFile; fileRef = 5260AF24808A4F9D4B2BD3F7 /* PhoneSyncTests.swift */; };
		611BABA801E627BE8987774A /* WidgetRenderTests.swift in Sources */ = {isa = PBXBuildFile; fileRef = AAC8DF06C97A21230C9BED01 /* WidgetRenderTests.swift */; };
		62987B738EA8E3C318F150CB /* SharedComponents.swift in Sources */ = {isa = PBXBuildFile; fileRef = 62D3FBAE0645D9A0B21E47D9 /* SharedComponents.swift */; };
		62BD84EAB2B1390748708AEE /* ChallengeSyncKit in Frameworks */ = {isa = PBXBuildFile; productRef = 5313A37E6B8A90076F23F638 /* ChallengeSyncKit */; };
		66135E50905E864CA0802DA1 /* WidgetActionTests.swift in Sources */ = {isa = PBXBuildFile; fileRef = 8F5596FA2E7CBBAAE65BEE3F /* WidgetActionTests.swift */; };
		712FB1DA40F26A225F6B7C4B /* PhoneApp.swift in Sources */ = {isa = PBXBuildFile; fileRef = AF0746F58D619CE08A655CE1 /* PhoneApp.swift */; };
		74E3EE639877BC4081F709F9 /* WidgetPlacementUITests.swift in Sources */ = {isa = PBXBuildFile; fileRef = D3888D73E71C2F5D574A1540 /* WidgetPlacementUITests.swift */; };
		7803A2B6B83C56CB86DE75FB /* Theme.swift in Sources */ = {isa = PBXBuildFile; fileRef = 52CECB8A3AA40F95A0D695BE /* Theme.swift */; };
		7A6899D3153FC32542CF5770 /* WidgetTimeline.swift in Sources */ = {isa = PBXBuildFile; fileRef = 7294939D231DA52CC101476D /* WidgetTimeline.swift */; };
		7ADFCC2415399E635B2E3895 /* PhoneComponents.swift in Sources */ = {isa = PBXBuildFile; fileRef = D21C3753FE4E3D2CC52A5F5D /* PhoneComponents.swift */; };
		8B92619D945BFFD3FB3958F6 /* PhoneExtrasViews.swift in Sources */ = {isa = PBXBuildFile; fileRef = 5F1304E7C9C7EACDB3CCF4A8 /* PhoneExtrasViews.swift */; };
		9153F9C8EC63739DA6CAF657 /* TodayScreen.swift in Sources */ = {isa = PBXBuildFile; fileRef = 5B1B9630EEC07846CBAA2EDB /* TodayScreen.swift */; };
		949581B4C183D9FA008FE263 /* RootView.swift in Sources */ = {isa = PBXBuildFile; fileRef = 61FDF9718370A45B2B02D0E5 /* RootView.swift */; };
		9A1FAD48B6E9F96E60509C79 /* WidgetActions.swift in Sources */ = {isa = PBXBuildFile; fileRef = 7CDF630F289537D9F5F48348 /* WidgetActions.swift */; };
		9F74BA37A0D068BE917FC841 /* ChallengeCore in Frameworks */ = {isa = PBXBuildFile; productRef = 66B6D9C46C8FE7173171C5E0 /* ChallengeCore */; };
		ACCE9864D897195309CEF459 /* WidgetActions.swift in Sources */ = {isa = PBXBuildFile; fileRef = 7CDF630F289537D9F5F48348 /* WidgetActions.swift */; };
		B9846E5B2D15F13CEA0B16A8 /* WidgetViews.swift in Sources */ = {isa = PBXBuildFile; fileRef = 0466DACCDCF6749B1610F568 /* WidgetViews.swift */; };
		BBDD3F15B6B638223CC8418E /* HistoryScreen.swift in Sources */ = {isa = PBXBuildFile; fileRef = 2ADC44F1D8FEAD95697FB1BC /* HistoryScreen.swift */; };
		C2CE1B250D17539BEAE2B49A /* WidgetTimelineTests.swift in Sources */ = {isa = PBXBuildFile; fileRef = BAA6BA706226779D4FF164F3 /* WidgetTimelineTests.swift */; };
		C7B157EA60573C9319ED0E14 /* JugDrawing.swift in Sources */ = {isa = PBXBuildFile; fileRef = E0A95B1601E3F2C45AC45420 /* JugDrawing.swift */; };
		D0745E75260518924130896F /* JugDrawing.swift in Sources */ = {isa = PBXBuildFile; fileRef = E0A95B1601E3F2C45AC45420 /* JugDrawing.swift */; };
		D37F5D217DA619BF906540AD /* ChallengeCore in Frameworks */ = {isa = PBXBuildFile; productRef = 957BE63CB6A9EB0CF0698729 /* ChallengeCore */; };
		D63365EFFE0A3FAE99FE3AC6 /* PhoneSharedStoreTests.swift in Sources */ = {isa = PBXBuildFile; fileRef = 3789CD5BBCA369DA87A3BBD3 /* PhoneSharedStoreTests.swift */; };
		E535F74B303E67499A7CF58E /* WidgetViews.swift in Sources */ = {isa = PBXBuildFile; fileRef = 0466DACCDCF6749B1610F568 /* WidgetViews.swift */; };
		E56B490F52CB35FB52E36021 /* SharedComponents.swift in Sources */ = {isa = PBXBuildFile; fileRef = 62D3FBAE0645D9A0B21E47D9 /* SharedComponents.swift */; };
		E66B17464A8A8B65F448925D /* DailyChallengeWidgets.appex in Embed Foundation Extensions */ = {isa = PBXBuildFile; fileRef = A55448D6B0B46E6D034037D4 /* DailyChallengeWidgets.appex */; settings = {ATTRIBUTES = (RemoveHeadersOnCopy, ); }; };
		E90BD427FD54FE10121E6985 /* PhoneSharedStore.swift in Sources */ = {isa = PBXBuildFile; fileRef = 1F2787F38AE405DAEF50D673 /* PhoneSharedStore.swift */; };
		F05590E2A29427F91B8C092A /* ChallengeSyncKit in Frameworks */ = {isa = PBXBuildFile; productRef = 23BF7AD5B507B0E9202581AE /* ChallengeSyncKit */; };
		F3B9E02E8EC0063B671F2450 /* WidgetIntents.swift in Sources */ = {isa = PBXBuildFile; fileRef = 6348898CD05F1EAC8EE43407 /* WidgetIntents.swift */; };
		F438959BC676798B693C8A62 /* ChallengeWidgets.swift in Sources */ = {isa = PBXBuildFile; fileRef = 373579F4BEE8A1A6AC237E83 /* ChallengeWidgets.swift */; };
		FC2D42FF69FB4BB7F55EAA85 /* AuthScreen.swift in Sources */ = {isa = PBXBuildFile; fileRef = 0E72EADE2BE24A1AF75D3B58 /* AuthScreen.swift */; };
		FC908B85CA927FF4406101F2 /* TrackerEnvironment.swift in Sources */ = {isa = PBXBuildFile; fileRef = E9DF86F06D26F5D13406D62C /* TrackerEnvironment.swift */; };
		FDBEE0036468B8738CAC5F66 /* PhoneFixtures.swift in Sources */ = {isa = PBXBuildFile; fileRef = 068B1E20A6AEA7251526B69D /* PhoneFixtures.swift */; };
/* End PBXBuildFile section */

/* Begin PBXContainerItemProxy section */
		6884A485BFD245EC84360282 /* PBXContainerItemProxy */ = {
			isa = PBXContainerItemProxy;
			containerPortal = 74B8EBF53DA504D0CAD47877 /* Project object */;
			proxyType = 1;
			remoteGlobalIDString = 4543F5CF678ABD8CA102DC02;
			remoteInfo = DailyChallenge;
		};
		69DAB93400FD8592E02E98A2 /* PBXContainerItemProxy */ = {
			isa = PBXContainerItemProxy;
			containerPortal = 74B8EBF53DA504D0CAD47877 /* Project object */;
			proxyType = 1;
			remoteGlobalIDString = 89495EEFD4B1EE9F3CC3A12C;
			remoteInfo = DailyChallengeWidgets;
		};
		A48E783FF6D0B45F37CD6186 /* PBXContainerItemProxy */ = {
			isa = PBXContainerItemProxy;
			containerPortal = 74B8EBF53DA504D0CAD47877 /* Project object */;
			proxyType = 1;
			remoteGlobalIDString = 4543F5CF678ABD8CA102DC02;
			remoteInfo = DailyChallenge;
		};
/* End PBXContainerItemProxy section */

/* Begin PBXCopyFilesBuildPhase section */
		C08179404C6DDF78AA151DD7 /* Embed Foundation Extensions */ = {
			isa = PBXCopyFilesBuildPhase;
			buildActionMask = 2147483647;
			dstPath = "";
			dstSubfolderSpec = 13;
			files = (
				E66B17464A8A8B65F448925D /* DailyChallengeWidgets.appex in Embed Foundation Extensions */,
			);
			name = "Embed Foundation Extensions";
			runOnlyForDeploymentPostprocessing = 0;
		};
/* End PBXCopyFilesBuildPhase section */

/* Begin PBXFileReference section */
		0211C155DA07084E38D22D16 /* DailyChallengeApp.swift */ = {isa = PBXFileReference; lastKnownFileType = sourcecode.swift; path = DailyChallengeApp.swift; sourceTree = "<group>"; };
		0466DACCDCF6749B1610F568 /* WidgetViews.swift */ = {isa = PBXFileReference; lastKnownFileType = sourcecode.swift; path = WidgetViews.swift; sourceTree = "<group>"; };
		068B1E20A6AEA7251526B69D /* PhoneFixtures.swift */ = {isa = PBXFileReference; lastKnownFileType = sourcecode.swift; path = PhoneFixtures.swift; sourceTree = "<group>"; };
		07750909352F2CCF3386CA44 /* CompletionEffect.swift */ = {isa = PBXFileReference; lastKnownFileType = sourcecode.swift; path = CompletionEffect.swift; sourceTree = "<group>"; };
		0BB8EA1BE55351A5ADA6FF79 /* TodayScreenUITests.swift */ = {isa = PBXFileReference; lastKnownFileType = sourcecode.swift; path = TodayScreenUITests.swift; sourceTree = "<group>"; };
		0E72EADE2BE24A1AF75D3B58 /* AuthScreen.swift */ = {isa = PBXFileReference; lastKnownFileType = sourcecode.swift; path = AuthScreen.swift; sourceTree = "<group>"; };
		1F2787F38AE405DAEF50D673 /* PhoneSharedStore.swift */ = {isa = PBXFileReference; lastKnownFileType = sourcecode.swift; path = PhoneSharedStore.swift; sourceTree = "<group>"; };
		2ADC44F1D8FEAD95697FB1BC /* HistoryScreen.swift */ = {isa = PBXFileReference; lastKnownFileType = sourcecode.swift; path = HistoryScreen.swift; sourceTree = "<group>"; };
		373579F4BEE8A1A6AC237E83 /* ChallengeWidgets.swift */ = {isa = PBXFileReference; lastKnownFileType = sourcecode.swift; path = ChallengeWidgets.swift; sourceTree = "<group>"; };
		3789CD5BBCA369DA87A3BBD3 /* PhoneSharedStoreTests.swift */ = {isa = PBXFileReference; lastKnownFileType = sourcecode.swift; path = PhoneSharedStoreTests.swift; sourceTree = "<group>"; };
		398EDE8CD614D9196592714B /* PhoneExtrasTests.swift */ = {isa = PBXFileReference; lastKnownFileType = sourcecode.swift; path = PhoneExtrasTests.swift; sourceTree = "<group>"; };
		3D9C5E2DCB79B7F2DE87BE6B /* WaterJugView.swift */ = {isa = PBXFileReference; lastKnownFileType = sourcecode.swift; path = WaterJugView.swift; sourceTree = "<group>"; };
		49EE810FC2FA59822E8DF127 /* DailyChallenge.entitlements */ = {isa = PBXFileReference; lastKnownFileType = text.plist.entitlements; path = DailyChallenge.entitlements; sourceTree = "<group>"; };
		5260AF24808A4F9D4B2BD3F7 /* PhoneSyncTests.swift */ = {isa = PBXFileReference; lastKnownFileType = sourcecode.swift; path = PhoneSyncTests.swift; sourceTree = "<group>"; };
		52CECB8A3AA40F95A0D695BE /* Theme.swift */ = {isa = PBXFileReference; lastKnownFileType = sourcecode.swift; path = Theme.swift; sourceTree = "<group>"; };
		5487236696F1E67C768645B7 /* DailyChallengeUITests.xctest */ = {isa = PBXFileReference; includeInIndex = 0; lastKnownFileType = wrapper.cfbundle; path = DailyChallengeUITests.xctest; sourceTree = BUILT_PRODUCTS_DIR; };
		557F2F1170B82026D783FA04 /* SetupScreen.swift */ = {isa = PBXFileReference; lastKnownFileType = sourcecode.swift; path = SetupScreen.swift; sourceTree = "<group>"; };
		5B1B9630EEC07846CBAA2EDB /* TodayScreen.swift */ = {isa = PBXFileReference; lastKnownFileType = sourcecode.swift; path = TodayScreen.swift; sourceTree = "<group>"; };
		5F1304E7C9C7EACDB3CCF4A8 /* PhoneExtrasViews.swift */ = {isa = PBXFileReference; lastKnownFileType = sourcecode.swift; path = PhoneExtrasViews.swift; sourceTree = "<group>"; };
		61FDF9718370A45B2B02D0E5 /* RootView.swift */ = {isa = PBXFileReference; lastKnownFileType = sourcecode.swift; path = RootView.swift; sourceTree = "<group>"; };
		62D3FBAE0645D9A0B21E47D9 /* SharedComponents.swift */ = {isa = PBXFileReference; lastKnownFileType = sourcecode.swift; path = SharedComponents.swift; sourceTree = "<group>"; };
		6348898CD05F1EAC8EE43407 /* WidgetIntents.swift */ = {isa = PBXFileReference; lastKnownFileType = sourcecode.swift; path = WidgetIntents.swift; sourceTree = "<group>"; };
		7294939D231DA52CC101476D /* WidgetTimeline.swift */ = {isa = PBXFileReference; lastKnownFileType = sourcecode.swift; path = WidgetTimeline.swift; sourceTree = "<group>"; };
		76AB5F804FE5C4EFBE70F2B3 /* Info.plist */ = {isa = PBXFileReference; lastKnownFileType = text.plist; path = Info.plist; sourceTree = "<group>"; };
		7CDF630F289537D9F5F48348 /* WidgetActions.swift */ = {isa = PBXFileReference; lastKnownFileType = sourcecode.swift; path = WidgetActions.swift; sourceTree = "<group>"; };
		80F85D956A148C59E6486533 /* DailyChallengeWidgets.entitlements */ = {isa = PBXFileReference; lastKnownFileType = text.plist.entitlements; path = DailyChallengeWidgets.entitlements; sourceTree = "<group>"; };
		8F5596FA2E7CBBAAE65BEE3F /* WidgetActionTests.swift */ = {isa = PBXFileReference; lastKnownFileType = sourcecode.swift; path = WidgetActionTests.swift; sourceTree = "<group>"; };
		95B529FC1A009392189CF8CA /* Info.plist */ = {isa = PBXFileReference; lastKnownFileType = text.plist; path = Info.plist; sourceTree = "<group>"; };
		A2294BEE4061774BA0FB13C5 /* DailyChallengeTests.xctest */ = {isa = PBXFileReference; includeInIndex = 0; lastKnownFileType = wrapper.cfbundle; path = DailyChallengeTests.xctest; sourceTree = BUILT_PRODUCTS_DIR; };
		A55448D6B0B46E6D034037D4 /* DailyChallengeWidgets.appex */ = {isa = PBXFileReference; includeInIndex = 0; lastKnownFileType = "wrapper.app-extension"; path = DailyChallengeWidgets.appex; sourceTree = BUILT_PRODUCTS_DIR; };
		A58C614F753A5C46A56858BC /* daily-challenge */ = {isa = PBXFileReference; lastKnownFileType = folder; name = "daily-challenge"; path = ..; sourceTree = SOURCE_ROOT; };
		AAC8DF06C97A21230C9BED01 /* WidgetRenderTests.swift */ = {isa = PBXFileReference; lastKnownFileType = sourcecode.swift; path = WidgetRenderTests.swift; sourceTree = "<group>"; };
		AF0746F58D619CE08A655CE1 /* PhoneApp.swift */ = {isa = PBXFileReference; lastKnownFileType = sourcecode.swift; path = PhoneApp.swift; sourceTree = "<group>"; };
		B3318ACB2990FBC3B3771486 /* Assets.xcassets */ = {isa = PBXFileReference; lastKnownFileType = folder.assetcatalog; path = Assets.xcassets; sourceTree = "<group>"; };
		BAA6BA706226779D4FF164F3 /* WidgetTimelineTests.swift */ = {isa = PBXFileReference; lastKnownFileType = sourcecode.swift; path = WidgetTimelineTests.swift; sourceTree = "<group>"; };
		CB890CC717BA70018ED35C1B /* DailyChallenge.app */ = {isa = PBXFileReference; includeInIndex = 0; lastKnownFileType = wrapper.application; path = DailyChallenge.app; sourceTree = BUILT_PRODUCTS_DIR; };
		D21C3753FE4E3D2CC52A5F5D /* PhoneComponents.swift */ = {isa = PBXFileReference; lastKnownFileType = sourcecode.swift; path = PhoneComponents.swift; sourceTree = "<group>"; };
		D3888D73E71C2F5D574A1540 /* WidgetPlacementUITests.swift */ = {isa = PBXFileReference; lastKnownFileType = sourcecode.swift; path = WidgetPlacementUITests.swift; sourceTree = "<group>"; };
		D769357A25FF9D76119BD2B2 /* AccountScreen.swift */ = {isa = PBXFileReference; lastKnownFileType = sourcecode.swift; path = AccountScreen.swift; sourceTree = "<group>"; };
		E0A95B1601E3F2C45AC45420 /* JugDrawing.swift */ = {isa = PBXFileReference; lastKnownFileType = sourcecode.swift; path = JugDrawing.swift; sourceTree = "<group>"; };
		E9DF86F06D26F5D13406D62C /* TrackerEnvironment.swift */ = {isa = PBXFileReference; lastKnownFileType = sourcecode.swift; path = TrackerEnvironment.swift; sourceTree = "<group>"; };
/* End PBXFileReference section */

/* Begin PBXFrameworksBuildPhase section */
		152A2E3B5A232A76DCA09220 /* Frameworks */ = {
			isa = PBXFrameworksBuildPhase;
			buildActionMask = 2147483647;
			files = (
				9F74BA37A0D068BE917FC841 /* ChallengeCore in Frameworks */,
				4AF0B52C6CCCF495D8FAA03A /* ChallengeSyncKit in Frameworks */,
			);
			runOnlyForDeploymentPostprocessing = 0;
		};
		2D869E3DCFD707749A79A89D /* Frameworks */ = {
			isa = PBXFrameworksBuildPhase;
			buildActionMask = 2147483647;
			files = (
				D37F5D217DA619BF906540AD /* ChallengeCore in Frameworks */,
				F05590E2A29427F91B8C092A /* ChallengeSyncKit in Frameworks */,
			);
			runOnlyForDeploymentPostprocessing = 0;
		};
		EC385C130B2073E2C72BC236 /* Frameworks */ = {
			isa = PBXFrameworksBuildPhase;
			buildActionMask = 2147483647;
			files = (
				3F1C7DE0E001EB84EEE03B2D /* ChallengeCore in Frameworks */,
				62BD84EAB2B1390748708AEE /* ChallengeSyncKit in Frameworks */,
			);
			runOnlyForDeploymentPostprocessing = 0;
		};
/* End PBXFrameworksBuildPhase section */

/* Begin PBXGroup section */
		21CC2709403F03B16F2551E9 /* DailyChallenge */ = {
			isa = PBXGroup;
			children = (
				D769357A25FF9D76119BD2B2 /* AccountScreen.swift */,
				B3318ACB2990FBC3B3771486 /* Assets.xcassets */,
				0E72EADE2BE24A1AF75D3B58 /* AuthScreen.swift */,
				49EE810FC2FA59822E8DF127 /* DailyChallenge.entitlements */,
				0211C155DA07084E38D22D16 /* DailyChallengeApp.swift */,
				2ADC44F1D8FEAD95697FB1BC /* HistoryScreen.swift */,
				76AB5F804FE5C4EFBE70F2B3 /* Info.plist */,
				AF0746F58D619CE08A655CE1 /* PhoneApp.swift */,
				D21C3753FE4E3D2CC52A5F5D /* PhoneComponents.swift */,
				5F1304E7C9C7EACDB3CCF4A8 /* PhoneExtrasViews.swift */,
				068B1E20A6AEA7251526B69D /* PhoneFixtures.swift */,
				61FDF9718370A45B2B02D0E5 /* RootView.swift */,
				557F2F1170B82026D783FA04 /* SetupScreen.swift */,
				5B1B9630EEC07846CBAA2EDB /* TodayScreen.swift */,
			);
			path = DailyChallenge;
			sourceTree = "<group>";
		};
		2A08581EEF65AE28B0E2DC2C /* Shared */ = {
			isa = PBXGroup;
			children = (
				1F2787F38AE405DAEF50D673 /* PhoneSharedStore.swift */,
				7CDF630F289537D9F5F48348 /* WidgetActions.swift */,
			);
			path = Shared;
			sourceTree = "<group>";
		};
		3BFA68F3E607EACAC8B4A2BE /* Packages */ = {
			isa = PBXGroup;
			children = (
				A58C614F753A5C46A56858BC /* daily-challenge */,
			);
			name = Packages;
			sourceTree = "<group>";
		};
		4B3388135AF6005AF11EC23A /* DailyChallengeWidgets */ = {
			isa = PBXGroup;
			children = (
				373579F4BEE8A1A6AC237E83 /* ChallengeWidgets.swift */,
				80F85D956A148C59E6486533 /* DailyChallengeWidgets.entitlements */,
				95B529FC1A009392189CF8CA /* Info.plist */,
				6348898CD05F1EAC8EE43407 /* WidgetIntents.swift */,
				7294939D231DA52CC101476D /* WidgetTimeline.swift */,
				0466DACCDCF6749B1610F568 /* WidgetViews.swift */,
			);
			path = DailyChallengeWidgets;
			sourceTree = "<group>";
		};
		4DF9D2664897A04C517793E9 /* daily-challenge */ = {
			isa = PBXGroup;
			children = (
				D637E3C86AB5338F7166B2C1 /* Sources */,
			);
			name = "daily-challenge";
			path = ..;
			sourceTree = "<group>";
		};
		50DAE5011549EFA6AFC36BDE /* DailyChallengeProof */ = {
			isa = PBXGroup;
			children = (
				A2349A823E1B20A4D26D2328 /* Shared */,
			);
			path = DailyChallengeProof;
			sourceTree = "<group>";
		};
		57C957689489F38943847DC0 /* DailyChallengeTests */ = {
			isa = PBXGroup;
			children = (
				398EDE8CD614D9196592714B /* PhoneExtrasTests.swift */,
				3789CD5BBCA369DA87A3BBD3 /* PhoneSharedStoreTests.swift */,
				5260AF24808A4F9D4B2BD3F7 /* PhoneSyncTests.swift */,
				8F5596FA2E7CBBAAE65BEE3F /* WidgetActionTests.swift */,
				AAC8DF06C97A21230C9BED01 /* WidgetRenderTests.swift */,
				BAA6BA706226779D4FF164F3 /* WidgetTimelineTests.swift */,
			);
			path = DailyChallengeTests;
			sourceTree = "<group>";
		};
		57EEA0773068986691E97A4E /* DailyChallengeUITests */ = {
			isa = PBXGroup;
			children = (
				0BB8EA1BE55351A5ADA6FF79 /* TodayScreenUITests.swift */,
				D3888D73E71C2F5D574A1540 /* WidgetPlacementUITests.swift */,
			);
			path = DailyChallengeUITests;
			sourceTree = "<group>";
		};
		A2349A823E1B20A4D26D2328 /* Shared */ = {
			isa = PBXGroup;
			children = (
				07750909352F2CCF3386CA44 /* CompletionEffect.swift */,
				E0A95B1601E3F2C45AC45420 /* JugDrawing.swift */,
				62D3FBAE0645D9A0B21E47D9 /* SharedComponents.swift */,
				52CECB8A3AA40F95A0D695BE /* Theme.swift */,
				E9DF86F06D26F5D13406D62C /* TrackerEnvironment.swift */,
				3D9C5E2DCB79B7F2DE87BE6B /* WaterJugView.swift */,
			);
			path = Shared;
			sourceTree = "<group>";
		};
		AF0487F713DD2F59007B15DD = {
			isa = PBXGroup;
			children = (
				4DF9D2664897A04C517793E9 /* daily-challenge */,
				21CC2709403F03B16F2551E9 /* DailyChallenge */,
				57C957689489F38943847DC0 /* DailyChallengeTests */,
				57EEA0773068986691E97A4E /* DailyChallengeUITests */,
				4B3388135AF6005AF11EC23A /* DailyChallengeWidgets */,
				3BFA68F3E607EACAC8B4A2BE /* Packages */,
				2A08581EEF65AE28B0E2DC2C /* Shared */,
				E5E1787A9A6AC83ABF2649EB /* Products */,
			);
			sourceTree = "<group>";
		};
		D637E3C86AB5338F7166B2C1 /* Sources */ = {
			isa = PBXGroup;
			children = (
				50DAE5011549EFA6AFC36BDE /* DailyChallengeProof */,
			);
			path = Sources;
			sourceTree = "<group>";
		};
		E5E1787A9A6AC83ABF2649EB /* Products */ = {
			isa = PBXGroup;
			children = (
				CB890CC717BA70018ED35C1B /* DailyChallenge.app */,
				A2294BEE4061774BA0FB13C5 /* DailyChallengeTests.xctest */,
				5487236696F1E67C768645B7 /* DailyChallengeUITests.xctest */,
				A55448D6B0B46E6D034037D4 /* DailyChallengeWidgets.appex */,
			);
			name = Products;
			sourceTree = "<group>";
		};
/* End PBXGroup section */

/* Begin PBXNativeTarget section */
		4543F5CF678ABD8CA102DC02 /* DailyChallenge */ = {
			isa = PBXNativeTarget;
			buildConfigurationList = 3DB1ACC5C7B10615F4191387 /* Build configuration list for PBXNativeTarget "DailyChallenge" */;
			buildPhases = (
				DD3B4A904F99CCA53734A277 /* Sources */,
				D5EA83975BA157C232102299 /* Resources */,
				152A2E3B5A232A76DCA09220 /* Frameworks */,
				C08179404C6DDF78AA151DD7 /* Embed Foundation Extensions */,
				1CFD8F1D84C8D37A9B426103 /* Bundle configuration and version */,
			);
			buildRules = (
			);
			dependencies = (
				B477B764D5BB307F72B28FB8 /* PBXTargetDependency */,
			);
			name = DailyChallenge;
			packageProductDependencies = (
				66B6D9C46C8FE7173171C5E0 /* ChallengeCore */,
				67F64E27E1EC7C0FFADBAB70 /* ChallengeSyncKit */,
			);
			productName = DailyChallenge;
			productReference = CB890CC717BA70018ED35C1B /* DailyChallenge.app */;
			productType = "com.apple.product-type.application";
		};
		6BC0959FC6038EBC2020661D /* DailyChallengeUITests */ = {
			isa = PBXNativeTarget;
			buildConfigurationList = 86AB388F6AABE7D4416FE233 /* Build configuration list for PBXNativeTarget "DailyChallengeUITests" */;
			buildPhases = (
				E6C86506C86797DA5440A04B /* Sources */,
			);
			buildRules = (
			);
			dependencies = (
				BA44EA5D4BC5CCC610C8FC6F /* PBXTargetDependency */,
			);
			name = DailyChallengeUITests;
			packageProductDependencies = (
			);
			productName = DailyChallengeUITests;
			productReference = 5487236696F1E67C768645B7 /* DailyChallengeUITests.xctest */;
			productType = "com.apple.product-type.bundle.ui-testing";
		};
		703D282A2B766E24BA482777 /* DailyChallengeTests */ = {
			isa = PBXNativeTarget;
			buildConfigurationList = B7D43A6ED24703232A9B2B27 /* Build configuration list for PBXNativeTarget "DailyChallengeTests" */;
			buildPhases = (
				A1AA7B598C6F2B0483D95515 /* Sources */,
				2D869E3DCFD707749A79A89D /* Frameworks */,
			);
			buildRules = (
			);
			dependencies = (
				B3CDD0AD11EE37E7794AB41F /* PBXTargetDependency */,
			);
			name = DailyChallengeTests;
			packageProductDependencies = (
				957BE63CB6A9EB0CF0698729 /* ChallengeCore */,
				23BF7AD5B507B0E9202581AE /* ChallengeSyncKit */,
			);
			productName = DailyChallengeTests;
			productReference = A2294BEE4061774BA0FB13C5 /* DailyChallengeTests.xctest */;
			productType = "com.apple.product-type.bundle.unit-test";
		};
		89495EEFD4B1EE9F3CC3A12C /* DailyChallengeWidgets */ = {
			isa = PBXNativeTarget;
			buildConfigurationList = A7EFDA45CF8599E742FEA674 /* Build configuration list for PBXNativeTarget "DailyChallengeWidgets" */;
			buildPhases = (
				B5E4547A0487A10B241A5386 /* Sources */,
				EC385C130B2073E2C72BC236 /* Frameworks */,
				571534B5F9348D937CAF6CDB /* Bundle version only */,
			);
			buildRules = (
			);
			dependencies = (
			);
			name = DailyChallengeWidgets;
			packageProductDependencies = (
				BCACA4963E18CCE1FA2A5117 /* ChallengeCore */,
				5313A37E6B8A90076F23F638 /* ChallengeSyncKit */,
			);
			productName = DailyChallengeWidgets;
			productReference = A55448D6B0B46E6D034037D4 /* DailyChallengeWidgets.appex */;
			productType = "com.apple.product-type.app-extension";
		};
/* End PBXNativeTarget section */

/* Begin PBXProject section */
		74B8EBF53DA504D0CAD47877 /* Project object */ = {
			isa = PBXProject;
			attributes = {
				BuildIndependentTargetsInParallel = YES;
				LastUpgradeCheck = 1430;
				TargetAttributes = {
					4543F5CF678ABD8CA102DC02 = {
						DevelopmentTeam = L644Y3WX5T;
						ProvisioningStyle = Automatic;
					};
					6BC0959FC6038EBC2020661D = {
						DevelopmentTeam = L644Y3WX5T;
						ProvisioningStyle = Automatic;
						TestTargetID = 4543F5CF678ABD8CA102DC02;
					};
					703D282A2B766E24BA482777 = {
						DevelopmentTeam = L644Y3WX5T;
						ProvisioningStyle = Automatic;
					};
					89495EEFD4B1EE9F3CC3A12C = {
						DevelopmentTeam = L644Y3WX5T;
						ProvisioningStyle = Automatic;
					};
				};
			};
			buildConfigurationList = DF7E943E22950D62E2899F9F /* Build configuration list for PBXProject "DailyChallenge" */;
			developmentRegion = en;
			hasScannedForEncodings = 0;
			knownRegions = (
				Base,
				en,
			);
			mainGroup = AF0487F713DD2F59007B15DD;
			minimizedProjectReferenceProxies = 1;
			packageReferences = (
				3B4B893950127ADB176439DD /* XCLocalSwiftPackageReference ".." */,
			);
			preferredProjectObjectVersion = 77;
			productRefGroup = E5E1787A9A6AC83ABF2649EB /* Products */;
			projectDirPath = "";
			projectRoot = "";
			targets = (
				4543F5CF678ABD8CA102DC02 /* DailyChallenge */,
				89495EEFD4B1EE9F3CC3A12C /* DailyChallengeWidgets */,
				703D282A2B766E24BA482777 /* DailyChallengeTests */,
				6BC0959FC6038EBC2020661D /* DailyChallengeUITests */,
			);
		};
/* End PBXProject section */

/* Begin PBXResourcesBuildPhase section */
		D5EA83975BA157C232102299 /* Resources */ = {
			isa = PBXResourcesBuildPhase;
			buildActionMask = 2147483647;
			files = (
				17A3D909DAEA3EC7A4B2455C /* Assets.xcassets in Resources */,
			);
			runOnlyForDeploymentPostprocessing = 0;
		};
/* End PBXResourcesBuildPhase section */

/* Begin PBXShellScriptBuildPhase section */
		1CFD8F1D84C8D37A9B426103 /* Bundle configuration and version */ = {
			isa = PBXShellScriptBuildPhase;
			alwaysOutOfDate = 1;
			buildActionMask = 2147483647;
			files = (
			);
			inputFileListPaths = (
			);
			inputPaths = (
				"$(TARGET_BUILD_DIR)/$(INFOPLIST_PATH)",
			);
			name = "Bundle configuration and version";
			outputFileListPaths = (
			);
			outputPaths = (
			);
			runOnlyForDeploymentPostprocessing = 0;
			shellPath = /bin/sh;
			shellScript = "bash \"$SRCROOT/scripts/bundle-configuration.sh\"";
		};
		571534B5F9348D937CAF6CDB /* Bundle version only */ = {
			isa = PBXShellScriptBuildPhase;
			alwaysOutOfDate = 1;
			buildActionMask = 2147483647;
			files = (
			);
			inputFileListPaths = (
			);
			inputPaths = (
				"$(TARGET_BUILD_DIR)/$(INFOPLIST_PATH)",
			);
			name = "Bundle version only";
			outputFileListPaths = (
			);
			outputPaths = (
			);
			runOnlyForDeploymentPostprocessing = 0;
			shellPath = /bin/sh;
			shellScript = "bash \"$SRCROOT/scripts/bundle-configuration.sh\" --version-only";
		};
/* End PBXShellScriptBuildPhase section */

/* Begin PBXSourcesBuildPhase section */
		A1AA7B598C6F2B0483D95515 /* Sources */ = {
			isa = PBXSourcesBuildPhase;
			buildActionMask = 2147483647;
			files = (
				4E5B42B9BDBC0C9FE39D790C /* PhoneExtrasTests.swift in Sources */,
				D63365EFFE0A3FAE99FE3AC6 /* PhoneSharedStoreTests.swift in Sources */,
				5FC85B1D9751F186B04424BC /* PhoneSyncTests.swift in Sources */,
				66135E50905E864CA0802DA1 /* WidgetActionTests.swift in Sources */,
				611BABA801E627BE8987774A /* WidgetRenderTests.swift in Sources */,
				C2CE1B250D17539BEAE2B49A /* WidgetTimelineTests.swift in Sources */,
			);
			runOnlyForDeploymentPostprocessing = 0;
		};
		B5E4547A0487A10B241A5386 /* Sources */ = {
			isa = PBXSourcesBuildPhase;
			buildActionMask = 2147483647;
			files = (
				F438959BC676798B693C8A62 /* ChallengeWidgets.swift in Sources */,
				C7B157EA60573C9319ED0E14 /* JugDrawing.swift in Sources */,
				E90BD427FD54FE10121E6985 /* PhoneSharedStore.swift in Sources */,
				62987B738EA8E3C318F150CB /* SharedComponents.swift in Sources */,
				7803A2B6B83C56CB86DE75FB /* Theme.swift in Sources */,
				ACCE9864D897195309CEF459 /* WidgetActions.swift in Sources */,
				F3B9E02E8EC0063B671F2450 /* WidgetIntents.swift in Sources */,
				7A6899D3153FC32542CF5770 /* WidgetTimeline.swift in Sources */,
				E535F74B303E67499A7CF58E /* WidgetViews.swift in Sources */,
			);
			runOnlyForDeploymentPostprocessing = 0;
		};
		DD3B4A904F99CCA53734A277 /* Sources */ = {
			isa = PBXSourcesBuildPhase;
			buildActionMask = 2147483647;
			files = (
				4C7AC9C474D096C27ABB6602 /* AccountScreen.swift in Sources */,
				FC2D42FF69FB4BB7F55EAA85 /* AuthScreen.swift in Sources */,
				3A39D28CBF7C193D408456E2 /* CompletionEffect.swift in Sources */,
				276AEE6B3AD81C56666A02A9 /* DailyChallengeApp.swift in Sources */,
				BBDD3F15B6B638223CC8418E /* HistoryScreen.swift in Sources */,
				D0745E75260518924130896F /* JugDrawing.swift in Sources */,
				712FB1DA40F26A225F6B7C4B /* PhoneApp.swift in Sources */,
				7ADFCC2415399E635B2E3895 /* PhoneComponents.swift in Sources */,
				8B92619D945BFFD3FB3958F6 /* PhoneExtrasViews.swift in Sources */,
				FDBEE0036468B8738CAC5F66 /* PhoneFixtures.swift in Sources */,
				020C3A54C6C677677A59CFE3 /* PhoneSharedStore.swift in Sources */,
				949581B4C183D9FA008FE263 /* RootView.swift in Sources */,
				58F3A2FBEC7A81137375B980 /* SetupScreen.swift in Sources */,
				E56B490F52CB35FB52E36021 /* SharedComponents.swift in Sources */,
				4391B351A9204284A3D51487 /* Theme.swift in Sources */,
				9153F9C8EC63739DA6CAF657 /* TodayScreen.swift in Sources */,
				FC908B85CA927FF4406101F2 /* TrackerEnvironment.swift in Sources */,
				5C8D1E04177C60491C720B0F /* WaterJugView.swift in Sources */,
				9A1FAD48B6E9F96E60509C79 /* WidgetActions.swift in Sources */,
				2FF488A62E7C1B53DC7C546E /* WidgetTimeline.swift in Sources */,
				B9846E5B2D15F13CEA0B16A8 /* WidgetViews.swift in Sources */,
			);
			runOnlyForDeploymentPostprocessing = 0;
		};
		E6C86506C86797DA5440A04B /* Sources */ = {
			isa = PBXSourcesBuildPhase;
			buildActionMask = 2147483647;
			files = (
				1DC1BD8C7677C816AD978C8F /* TodayScreenUITests.swift in Sources */,
				74E3EE639877BC4081F709F9 /* WidgetPlacementUITests.swift in Sources */,
			);
			runOnlyForDeploymentPostprocessing = 0;
		};
/* End PBXSourcesBuildPhase section */

/* Begin PBXTargetDependency section */
		B3CDD0AD11EE37E7794AB41F /* PBXTargetDependency */ = {
			isa = PBXTargetDependency;
			target = 4543F5CF678ABD8CA102DC02 /* DailyChallenge */;
			targetProxy = 6884A485BFD245EC84360282 /* PBXContainerItemProxy */;
		};
		B477B764D5BB307F72B28FB8 /* PBXTargetDependency */ = {
			isa = PBXTargetDependency;
			target = 89495EEFD4B1EE9F3CC3A12C /* DailyChallengeWidgets */;
			targetProxy = 69DAB93400FD8592E02E98A2 /* PBXContainerItemProxy */;
		};
		BA44EA5D4BC5CCC610C8FC6F /* PBXTargetDependency */ = {
			isa = PBXTargetDependency;
			target = 4543F5CF678ABD8CA102DC02 /* DailyChallenge */;
			targetProxy = A48E783FF6D0B45F37CD6186 /* PBXContainerItemProxy */;
		};
/* End PBXTargetDependency section */

/* Begin XCBuildConfiguration section */
		0B0CC7BB3B37BAEE2525039C /* Debug */ = {
			isa = XCBuildConfiguration;
			buildSettings = {
				BUNDLE_LOADER = "$(TEST_HOST)";
				GENERATE_INFOPLIST_FILE = YES;
				LD_RUNPATH_SEARCH_PATHS = (
					"$(inherited)",
					"@executable_path/Frameworks",
					"@loader_path/Frameworks",
				);
				PRODUCT_BUNDLE_IDENTIFIER = "app.daily-challenge.ios.tests";
				SDKROOT = iphoneos;
				TARGETED_DEVICE_FAMILY = "1,2";
				TEST_HOST = "$(BUILT_PRODUCTS_DIR)/Daily Challenge.app/Daily Challenge";
			};
			name = Debug;
		};
		2658BE041568EEF17009DCEC /* Debug */ = {
			isa = XCBuildConfiguration;
			buildSettings = {
				BUNDLE_LOADER = "$(TEST_HOST)";
				GENERATE_INFOPLIST_FILE = YES;
				LD_RUNPATH_SEARCH_PATHS = (
					"$(inherited)",
					"@executable_path/Frameworks",
					"@loader_path/Frameworks",
				);
				PRODUCT_BUNDLE_IDENTIFIER = "app.daily-challenge.ios.uitests";
				SDKROOT = iphoneos;
				TARGETED_DEVICE_FAMILY = "1,2";
				TEST_TARGET_NAME = DailyChallenge;
			};
			name = Debug;
		};
		26D0A5F93DF1DCC14BA595D3 /* Release */ = {
			isa = XCBuildConfiguration;
			buildSettings = {
				BUNDLE_LOADER = "$(TEST_HOST)";
				GENERATE_INFOPLIST_FILE = YES;
				LD_RUNPATH_SEARCH_PATHS = (
					"$(inherited)",
					"@executable_path/Frameworks",
					"@loader_path/Frameworks",
				);
				PRODUCT_BUNDLE_IDENTIFIER = "app.daily-challenge.ios.uitests";
				SDKROOT = iphoneos;
				TARGETED_DEVICE_FAMILY = "1,2";
				TEST_TARGET_NAME = DailyChallenge;
			};
			name = Release;
		};
		3C67D7686C20B93889DE199A /* Debug */ = {
			isa = XCBuildConfiguration;
			buildSettings = {
				ALWAYS_SEARCH_USER_PATHS = NO;
				CLANG_ANALYZER_NONNULL = YES;
				CLANG_ANALYZER_NUMBER_OBJECT_CONVERSION = YES_AGGRESSIVE;
				CLANG_CXX_LANGUAGE_STANDARD = "gnu++14";
				CLANG_CXX_LIBRARY = "libc++";
				CLANG_ENABLE_MODULES = YES;
				CLANG_ENABLE_OBJC_ARC = YES;
				CLANG_ENABLE_OBJC_WEAK = YES;
				CLANG_WARN_BLOCK_CAPTURE_AUTORELEASING = YES;
				CLANG_WARN_BOOL_CONVERSION = YES;
				CLANG_WARN_COMMA = YES;
				CLANG_WARN_CONSTANT_CONVERSION = YES;
				CLANG_WARN_DEPRECATED_OBJC_IMPLEMENTATIONS = YES;
				CLANG_WARN_DIRECT_OBJC_ISA_USAGE = YES_ERROR;
				CLANG_WARN_DOCUMENTATION_COMMENTS = YES;
				CLANG_WARN_EMPTY_BODY = YES;
				CLANG_WARN_ENUM_CONVERSION = YES;
				CLANG_WARN_INFINITE_RECURSION = YES;
				CLANG_WARN_INT_CONVERSION = YES;
				CLANG_WARN_NON_LITERAL_NULL_CONVERSION = YES;
				CLANG_WARN_OBJC_IMPLICIT_RETAIN_SELF = YES;
				CLANG_WARN_OBJC_LITERAL_CONVERSION = YES;
				CLANG_WARN_OBJC_ROOT_CLASS = YES_ERROR;
				CLANG_WARN_QUOTED_INCLUDE_IN_FRAMEWORK_HEADER = YES;
				CLANG_WARN_RANGE_LOOP_ANALYSIS = YES;
				CLANG_WARN_STRICT_PROTOTYPES = YES;
				CLANG_WARN_SUSPICIOUS_MOVE = YES;
				CLANG_WARN_UNGUARDED_AVAILABILITY = YES_AGGRESSIVE;
				CLANG_WARN_UNREACHABLE_CODE = YES;
				CLANG_WARN__DUPLICATE_METHOD_MATCH = YES;
				CODE_SIGN_STYLE = Automatic;
				COPY_PHASE_STRIP = NO;
				DEBUG_INFORMATION_FORMAT = dwarf;
				DEVELOPMENT_TEAM = L644Y3WX5T;
				ENABLE_STRICT_OBJC_MSGSEND = YES;
				ENABLE_TESTABILITY = YES;
				GCC_C_LANGUAGE_STANDARD = gnu11;
				GCC_DYNAMIC_NO_PIC = NO;
				GCC_NO_COMMON_BLOCKS = YES;
				GCC_OPTIMIZATION_LEVEL = 0;
				GCC_PREPROCESSOR_DEFINITIONS = (
					"$(inherited)",
					"DEBUG=1",
				);
				GCC_WARN_64_TO_32_BIT_CONVERSION = YES;
				GCC_WARN_ABOUT_RETURN_TYPE = YES_ERROR;
				GCC_WARN_UNDECLARED_SELECTOR = YES;
				GCC_WARN_UNINITIALIZED_AUTOS = YES_AGGRESSIVE;
				GCC_WARN_UNUSED_FUNCTION = YES;
				GCC_WARN_UNUSED_VARIABLE = YES;
				IPHONEOS_DEPLOYMENT_TARGET = 26.0;
				MTL_ENABLE_DEBUG_INFO = INCLUDE_SOURCE;
				MTL_FAST_MATH = YES;
				ONLY_ACTIVE_ARCH = YES;
				PRODUCT_NAME = "$(TARGET_NAME)";
				SDKROOT = iphoneos;
				SWIFT_ACTIVE_COMPILATION_CONDITIONS = DEBUG;
				SWIFT_OPTIMIZATION_LEVEL = "-Onone";
				SWIFT_STRICT_CONCURRENCY = complete;
				SWIFT_VERSION = 6.0;
				TARGETED_DEVICE_FAMILY = 1;
			};
			name = Debug;
		};
		4E9A4FB433E740D439590CF6 /* Release */ = {
			isa = XCBuildConfiguration;
			buildSettings = {
				BUNDLE_LOADER = "$(TEST_HOST)";
				GENERATE_INFOPLIST_FILE = YES;
				LD_RUNPATH_SEARCH_PATHS = (
					"$(inherited)",
					"@executable_path/Frameworks",
					"@loader_path/Frameworks",
				);
				PRODUCT_BUNDLE_IDENTIFIER = "app.daily-challenge.ios.tests";
				SDKROOT = iphoneos;
				TARGETED_DEVICE_FAMILY = "1,2";
				TEST_HOST = "$(BUILT_PRODUCTS_DIR)/Daily Challenge.app/Daily Challenge";
			};
			name = Release;
		};
		62A4CE55CD7D9EAA07BEC695 /* Release */ = {
			isa = XCBuildConfiguration;
			buildSettings = {
				APPLICATION_EXTENSION_API_ONLY = YES;
				CODE_SIGN_ENTITLEMENTS = DailyChallengeWidgets/DailyChallengeWidgets.entitlements;
				CURRENT_PROJECT_VERSION = 0;
				ENABLE_USER_SCRIPT_SANDBOXING = NO;
				INFOPLIST_FILE = DailyChallengeWidgets/Info.plist;
				LD_RUNPATH_SEARCH_PATHS = (
					"$(inherited)",
					"@executable_path/Frameworks",
					"@executable_path/../../Frameworks",
				);
				MARKETING_VERSION = 0.0.0;
				PRODUCT_BUNDLE_IDENTIFIER = "app.daily-challenge.ios.widgets";
				SDKROOT = iphoneos;
				SKIP_INSTALL = YES;
				SWIFT_ACTIVE_COMPILATION_CONDITIONS = "$(inherited) WIDGET_EXTENSION";
				TARGETED_DEVICE_FAMILY = "1,2";
			};
			name = Release;
		};
		8D61723394AC2A024CF24A92 /* Release */ = {
			isa = XCBuildConfiguration;
			buildSettings = {
				ALWAYS_SEARCH_USER_PATHS = NO;
				CLANG_ANALYZER_NONNULL = YES;
				CLANG_ANALYZER_NUMBER_OBJECT_CONVERSION = YES_AGGRESSIVE;
				CLANG_CXX_LANGUAGE_STANDARD = "gnu++14";
				CLANG_CXX_LIBRARY = "libc++";
				CLANG_ENABLE_MODULES = YES;
				CLANG_ENABLE_OBJC_ARC = YES;
				CLANG_ENABLE_OBJC_WEAK = YES;
				CLANG_WARN_BLOCK_CAPTURE_AUTORELEASING = YES;
				CLANG_WARN_BOOL_CONVERSION = YES;
				CLANG_WARN_COMMA = YES;
				CLANG_WARN_CONSTANT_CONVERSION = YES;
				CLANG_WARN_DEPRECATED_OBJC_IMPLEMENTATIONS = YES;
				CLANG_WARN_DIRECT_OBJC_ISA_USAGE = YES_ERROR;
				CLANG_WARN_DOCUMENTATION_COMMENTS = YES;
				CLANG_WARN_EMPTY_BODY = YES;
				CLANG_WARN_ENUM_CONVERSION = YES;
				CLANG_WARN_INFINITE_RECURSION = YES;
				CLANG_WARN_INT_CONVERSION = YES;
				CLANG_WARN_NON_LITERAL_NULL_CONVERSION = YES;
				CLANG_WARN_OBJC_IMPLICIT_RETAIN_SELF = YES;
				CLANG_WARN_OBJC_LITERAL_CONVERSION = YES;
				CLANG_WARN_OBJC_ROOT_CLASS = YES_ERROR;
				CLANG_WARN_QUOTED_INCLUDE_IN_FRAMEWORK_HEADER = YES;
				CLANG_WARN_RANGE_LOOP_ANALYSIS = YES;
				CLANG_WARN_STRICT_PROTOTYPES = YES;
				CLANG_WARN_SUSPICIOUS_MOVE = YES;
				CLANG_WARN_UNGUARDED_AVAILABILITY = YES_AGGRESSIVE;
				CLANG_WARN_UNREACHABLE_CODE = YES;
				CLANG_WARN__DUPLICATE_METHOD_MATCH = YES;
				CODE_SIGN_STYLE = Automatic;
				COPY_PHASE_STRIP = NO;
				DEBUG_INFORMATION_FORMAT = "dwarf-with-dsym";
				DEVELOPMENT_TEAM = L644Y3WX5T;
				ENABLE_NS_ASSERTIONS = NO;
				ENABLE_STRICT_OBJC_MSGSEND = YES;
				GCC_C_LANGUAGE_STANDARD = gnu11;
				GCC_NO_COMMON_BLOCKS = YES;
				GCC_WARN_64_TO_32_BIT_CONVERSION = YES;
				GCC_WARN_ABOUT_RETURN_TYPE = YES_ERROR;
				GCC_WARN_UNDECLARED_SELECTOR = YES;
				GCC_WARN_UNINITIALIZED_AUTOS = YES_AGGRESSIVE;
				GCC_WARN_UNUSED_FUNCTION = YES;
				GCC_WARN_UNUSED_VARIABLE = YES;
				IPHONEOS_DEPLOYMENT_TARGET = 26.0;
				MTL_ENABLE_DEBUG_INFO = NO;
				MTL_FAST_MATH = YES;
				PRODUCT_NAME = "$(TARGET_NAME)";
				SDKROOT = iphoneos;
				SWIFT_COMPILATION_MODE = wholemodule;
				SWIFT_OPTIMIZATION_LEVEL = "-O";
				SWIFT_STRICT_CONCURRENCY = complete;
				SWIFT_VERSION = 6.0;
				TARGETED_DEVICE_FAMILY = 1;
			};
			name = Release;
		};
		BEFB1C8E4169D8F98617E257 /* Release */ = {
			isa = XCBuildConfiguration;
			buildSettings = {
				ASSETCATALOG_COMPILER_APPICON_NAME = AppIcon;
				CODE_SIGN_ENTITLEMENTS = DailyChallenge/DailyChallenge.entitlements;
				CODE_SIGN_IDENTITY = "iPhone Developer";
				CURRENT_PROJECT_VERSION = 0;
				ENABLE_USER_SCRIPT_SANDBOXING = NO;
				INFOPLIST_FILE = DailyChallenge/Info.plist;
				LD_RUNPATH_SEARCH_PATHS = (
					"$(inherited)",
					"@executable_path/Frameworks",
				);
				MARKETING_VERSION = 0.0.0;
				PRODUCT_BUNDLE_IDENTIFIER = "app.daily-challenge.ios";
				PRODUCT_NAME = "Daily Challenge";
				SDKROOT = iphoneos;
				TARGETED_DEVICE_FAMILY = "1,2";
			};
			name = Release;
		};
		CBA337AFDFBEE46ED401B101 /* Debug */ = {
			isa = XCBuildConfiguration;
			buildSettings = {
				APPLICATION_EXTENSION_API_ONLY = YES;
				CODE_SIGN_ENTITLEMENTS = DailyChallengeWidgets/DailyChallengeWidgets.entitlements;
				CURRENT_PROJECT_VERSION = 0;
				ENABLE_USER_SCRIPT_SANDBOXING = NO;
				INFOPLIST_FILE = DailyChallengeWidgets/Info.plist;
				LD_RUNPATH_SEARCH_PATHS = (
					"$(inherited)",
					"@executable_path/Frameworks",
					"@executable_path/../../Frameworks",
				);
				MARKETING_VERSION = 0.0.0;
				PRODUCT_BUNDLE_IDENTIFIER = "app.daily-challenge.ios.widgets";
				SDKROOT = iphoneos;
				SKIP_INSTALL = YES;
				SWIFT_ACTIVE_COMPILATION_CONDITIONS = "$(inherited) WIDGET_EXTENSION";
				TARGETED_DEVICE_FAMILY = "1,2";
			};
			name = Debug;
		};
		E40E58FED01F3C663A9D86FE /* Debug */ = {
			isa = XCBuildConfiguration;
			buildSettings = {
				ASSETCATALOG_COMPILER_APPICON_NAME = AppIcon;
				CODE_SIGN_ENTITLEMENTS = DailyChallenge/DailyChallenge.entitlements;
				CODE_SIGN_IDENTITY = "iPhone Developer";
				CURRENT_PROJECT_VERSION = 0;
				ENABLE_USER_SCRIPT_SANDBOXING = NO;
				INFOPLIST_FILE = DailyChallenge/Info.plist;
				LD_RUNPATH_SEARCH_PATHS = (
					"$(inherited)",
					"@executable_path/Frameworks",
				);
				MARKETING_VERSION = 0.0.0;
				PRODUCT_BUNDLE_IDENTIFIER = "app.daily-challenge.ios";
				PRODUCT_NAME = "Daily Challenge";
				SDKROOT = iphoneos;
				TARGETED_DEVICE_FAMILY = "1,2";
			};
			name = Debug;
		};
/* End XCBuildConfiguration section */

/* Begin XCConfigurationList section */
		3DB1ACC5C7B10615F4191387 /* Build configuration list for PBXNativeTarget "DailyChallenge" */ = {
			isa = XCConfigurationList;
			buildConfigurations = (
				E40E58FED01F3C663A9D86FE /* Debug */,
				BEFB1C8E4169D8F98617E257 /* Release */,
			);
			defaultConfigurationIsVisible = 0;
			defaultConfigurationName = Debug;
		};
		86AB388F6AABE7D4416FE233 /* Build configuration list for PBXNativeTarget "DailyChallengeUITests" */ = {
			isa = XCConfigurationList;
			buildConfigurations = (
				2658BE041568EEF17009DCEC /* Debug */,
				26D0A5F93DF1DCC14BA595D3 /* Release */,
			);
			defaultConfigurationIsVisible = 0;
			defaultConfigurationName = Debug;
		};
		A7EFDA45CF8599E742FEA674 /* Build configuration list for PBXNativeTarget "DailyChallengeWidgets" */ = {
			isa = XCConfigurationList;
			buildConfigurations = (
				CBA337AFDFBEE46ED401B101 /* Debug */,
				62A4CE55CD7D9EAA07BEC695 /* Release */,
			);
			defaultConfigurationIsVisible = 0;
			defaultConfigurationName = Debug;
		};
		B7D43A6ED24703232A9B2B27 /* Build configuration list for PBXNativeTarget "DailyChallengeTests" */ = {
			isa = XCConfigurationList;
			buildConfigurations = (
				0B0CC7BB3B37BAEE2525039C /* Debug */,
				4E9A4FB433E740D439590CF6 /* Release */,
			);
			defaultConfigurationIsVisible = 0;
			defaultConfigurationName = Debug;
		};
		DF7E943E22950D62E2899F9F /* Build configuration list for PBXProject "DailyChallenge" */ = {
			isa = XCConfigurationList;
			buildConfigurations = (
				3C67D7686C20B93889DE199A /* Debug */,
				8D61723394AC2A024CF24A92 /* Release */,
			);
			defaultConfigurationIsVisible = 0;
			defaultConfigurationName = Debug;
		};
/* End XCConfigurationList section */

/* Begin XCLocalSwiftPackageReference section */
		3B4B893950127ADB176439DD /* XCLocalSwiftPackageReference ".." */ = {
			isa = XCLocalSwiftPackageReference;
			relativePath = ..;
		};
/* End XCLocalSwiftPackageReference section */

/* Begin XCSwiftPackageProductDependency section */
		23BF7AD5B507B0E9202581AE /* ChallengeSyncKit */ = {
			isa = XCSwiftPackageProductDependency;
			productName = ChallengeSyncKit;
		};
		5313A37E6B8A90076F23F638 /* ChallengeSyncKit */ = {
			isa = XCSwiftPackageProductDependency;
			productName = ChallengeSyncKit;
		};
		66B6D9C46C8FE7173171C5E0 /* ChallengeCore */ = {
			isa = XCSwiftPackageProductDependency;
			productName = ChallengeCore;
		};
		67F64E27E1EC7C0FFADBAB70 /* ChallengeSyncKit */ = {
			isa = XCSwiftPackageProductDependency;
			productName = ChallengeSyncKit;
		};
		957BE63CB6A9EB0CF0698729 /* ChallengeCore */ = {
			isa = XCSwiftPackageProductDependency;
			productName = ChallengeCore;
		};
		BCACA4963E18CCE1FA2A5117 /* ChallengeCore */ = {
			isa = XCSwiftPackageProductDependency;
			productName = ChallengeCore;
		};
/* End XCSwiftPackageProductDependency section */
	};
	rootObject = 74B8EBF53DA504D0CAD47877 /* Project object */;
}
